
Microsoft Visual Studio Solution File, Format Version 12.00
# Visual Studio Version 16
VisualStudioVersion = 16.0.29215.179
MinimumVisualStudioVersion = 10.0.40219.1
Project("{FAE04EC0-301F-11D3-BF4B-00C04F79EFBC}") = "FileWatchingDemo", "FileWatchingDemo\FileWatchingDemo.csproj", "{7B0D7D0B-D232-4876-98F1-4F62F4C857EB}"
EndProject
Global
	GlobalSection(SolutionConfigurationPlatforms) = preSolution
		Debug|Any CPU = Debug|Any CPU
		Release|Any CPU = Release|Any CPU
	EndGlobalSection
	GlobalSection(ProjectConfigurationPlatforms) = postSolution
		{7B0D7D0B-D232-4876-98F1-4F62F4C857EB}.Debug|Any CPU.ActiveCfg = Debug|Any CPU
		{7B0D7D0B-D232-4876-98F1-4F62F4C857EB}.Debug|Any CPU.Build.0 = Debug|Any CPU
		{7B0D7D0B-D232-4876-98F1-4F62F4C857EB}.Release|Any CPU.ActiveCfg = Release|Any CPU
		{7B0D7D0B-D232-4876-98F1-4F62F4C857EB}.Release|Any CPU.Build.0 = Release|Any CPU
	EndGlobalSection
	GlobalSection(SolutionProperties) = preSolution
		HideSolutionNode = FALSE
	EndGlobalSection
	GlobalSection(ExtensibilityGlobals) = postSolution
		SolutionGuid = {825BA08A-B115-4961-ACE2-C3B328C927F3}
	EndGlobalSection
EndGlobal
