
Microsoft Visual Studio Solution File, Format Version 12.00
# Visual Studio Version 16
VisualStudioVersion = 16.0.29306.81
MinimumVisualStudioVersion = 10.0.40219.1
Project("{FAE04EC0-301F-11D3-BF4B-00C04F79EFBC}") = "Changecode", "Changecode\Changecode.csproj", "{8D909A4C-CF5A-4875-A877-D9B75D44923F}"
EndProject
Global
	GlobalSection(SolutionConfigurationPlatforms) = preSolution
		Debug|Any CPU = Debug|Any CPU
		Release|Any CPU = Release|Any CPU
	EndGlobalSection
	GlobalSection(ProjectConfigurationPlatforms) = postSolution
		{8D909A4C-CF5A-4875-A877-D9B75D44923F}.Debug|Any CPU.ActiveCfg = Debug|Any CPU
		{8D909A4C-CF5A-4875-A877-D9B75D44923F}.Debug|Any CPU.Build.0 = Debug|Any CPU
		{8D909A4C-CF5A-4875-A877-D9B75D44923F}.Release|Any CPU.ActiveCfg = Release|Any CPU
		{8D909A4C-CF5A-4875-A877-D9B75D44923F}.Release|Any CPU.Build.0 = Release|Any CPU
	EndGlobalSection
	GlobalSection(SolutionProperties) = preSolution
		HideSolutionNode = FALSE
	EndGlobalSection
	GlobalSection(ExtensibilityGlobals) = postSolution
		SolutionGuid = {ED4971C4-80BE-47D7-8152-7ECA8D22C1D3}
	EndGlobalSection
EndGlobal
