
Microsoft Visual Studio Solution File, Format Version 12.00
# Visual Studio Version 16
VisualStudioVersion = 16.0.29215.179
MinimumVisualStudioVersion = 10.0.40219.1
Project("{FAE04EC0-301F-11D3-BF4B-00C04F79EFBC}") = "FileDemo", "FileDemo\FileDemo.csproj", "{7E0362D9-61A3-42D6-9267-7FD075EE34DD}"
EndProject
Global
	GlobalSection(SolutionConfigurationPlatforms) = preSolution
		Debug|Any CPU = Debug|Any CPU
		Release|Any CPU = Release|Any CPU
	EndGlobalSection
	GlobalSection(ProjectConfigurationPlatforms) = postSolution
		{7E0362D9-61A3-42D6-9267-7FD075EE34DD}.Debug|Any CPU.ActiveCfg = Debug|Any CPU
		{7E0362D9-61A3-42D6-9267-7FD075EE34DD}.Debug|Any CPU.Build.0 = Debug|Any CPU
		{7E0362D9-61A3-42D6-9267-7FD075EE34DD}.Release|Any CPU.ActiveCfg = Release|Any CPU
		{7E0362D9-61A3-42D6-9267-7FD075EE34DD}.Release|Any CPU.Build.0 = Release|Any CPU
	EndGlobalSection
	GlobalSection(SolutionProperties) = preSolution
		HideSolutionNode = FALSE
	EndGlobalSection
	GlobalSection(ExtensibilityGlobals) = postSolution
		SolutionGuid = {E3A2CDD0-EB25-462C-B536-D37591DB36E8}
	EndGlobalSection
EndGlobal
